
Microsoft Visual Studio Solution File, Format Version 12.00
# Visual Studio Version 17
VisualStudioVersion = 17.13.35825.156
MinimumVisualStudioVersion = 10.0.40219.1
Project("{FAE04EC0-301F-11D3-BF4B-00C04F79EFBC}") = "DemoLib", "DemoLib\DemoLib.csproj", "{8035E829-113D-482E-A8D6-4369594171B5}"
EndProject
Project("{FAE04EC0-301F-11D3-BF4B-00C04F79EFBC}") = "DemoForm", "..\DemoForm\DemoForm.csproj", "{C56366BE-FE14-4DE3-A6E1-07CB102A53DD}"
EndProject
Project("{FAE04EC0-301F-11D3-BF4B-00C04F79EFBC}") = "DemoTest", "DemoTest\DemoTest.csproj", "{3FE7B9C6-8D54-4A26-B677-0A89D5BFBE8B}"
EndProject
Global
	GlobalSection(SolutionConfigurationPlatforms) = preSolution
		Debug|Any CPU = Debug|Any CPU
		Release|Any CPU = Release|Any CPU
	EndGlobalSection
	GlobalSection(ProjectConfigurationPlatforms) = postSolution
		{8035E829-113D-482E-A8D6-4369594171B5}.Debug|Any CPU.ActiveCfg = Debug|Any CPU
		{8035E829-113D-482E-A8D6-4369594171B5}.Debug|Any CPU.Build.0 = Debug|Any CPU
		{8035E829-113D-482E-A8D6-4369594171B5}.Release|Any CPU.ActiveCfg = Release|Any CPU
		{8035E829-113D-482E-A8D6-4369594171B5}.Release|Any CPU.Build.0 = Release|Any CPU
		{C56366BE-FE14-4DE3-A6E1-07CB102A53DD}.Debug|Any CPU.ActiveCfg = Debug|Any CPU
		{C56366BE-FE14-4DE3-A6E1-07CB102A53DD}.Debug|Any CPU.Build.0 = Debug|Any CPU
		{C56366BE-FE14-4DE3-A6E1-07CB102A53DD}.Release|Any CPU.ActiveCfg = Release|Any CPU
		{C56366BE-FE14-4DE3-A6E1-07CB102A53DD}.Release|Any CPU.Build.0 = Release|Any CPU
		{3FE7B9C6-8D54-4A26-B677-0A89D5BFBE8B}.Debug|Any CPU.ActiveCfg = Debug|Any CPU
		{3FE7B9C6-8D54-4A26-B677-0A89D5BFBE8B}.Debug|Any CPU.Build.0 = Debug|Any CPU
		{3FE7B9C6-8D54-4A26-B677-0A89D5BFBE8B}.Release|Any CPU.ActiveCfg = Release|Any CPU
		{3FE7B9C6-8D54-4A26-B677-0A89D5BFBE8B}.Release|Any CPU.Build.0 = Release|Any CPU
	EndGlobalSection
	GlobalSection(SolutionProperties) = preSolution
		HideSolutionNode = FALSE
	EndGlobalSection
	GlobalSection(ExtensibilityGlobals) = postSolution
		SolutionGuid = {4E210008-0255-4635-BF68-631B80A130A8}
	EndGlobalSection
EndGlobal
